// !$*UTF8*$!
{
	archiveVersion = 1;
	classes = {
	};
	objectVersion = 50;
	objects = {

/* Begin PBXBuildFile section */
		BF3A7C1C2384407A00EDA1D2 /* AppDelegate.swift in Sources */ = {isa = PBXBuildFile; fileRef = BF3A7C1B2384407A00EDA1D2 /* AppDelegate.swift */; };
		BF3A7C1E2384407A00EDA1D2 /* SceneDelegate.swift in Sources */ = {isa = PBXBuildFile; fileRef = BF3A7C1D2384407A00EDA1D2 /* SceneDelegate.swift */; };
		BF3A7C202384407A00EDA1D2 /* ViewController.swift in Sources */ = {isa = PBXBuildFile; fileRef = BF3A7C1F2384407A00EDA1D2 /* ViewController.swift */; };
		BF3A7C232384407A00EDA1D2 /* Main.storyboard in Resources */ = {isa = PBXBuildFile; fileRef = BF3A7C212384407A00EDA1D2 /* Main.storyboard */; };
		BF3A7C252384407E00EDA1D2 /* Assets.xcassets in Resources */ = {isa = PBXBuildFile; fileRef = BF3A7C242384407E00EDA1D2 /* Assets.xcassets */; };
		BF3A7C282384407E00EDA1D2 /* LaunchScreen.storyboard in Resources */ = {isa = PBXBuildFile; fileRef = BF3A7C262384407E00EDA1D2 /* LaunchScreen.storyboard */; };
		BF3A7C332384407F00EDA1D2 /* xtceTests.swift in Sources */ = {isa = PBXBuildFile; fileRef = BF3A7C322384407F00EDA1D2 /* xtceTests.swift */; };
		BF3A7C3E2384407F00EDA1D2 /* xtceUITests.swift in Sources */ = {isa = PBXBuildFile; fileRef = BF3A7C3D2384407F00EDA1D2 /* xtceUITests.swift */; };
/* End PBXBuildFile section */

/* Begin PBXContainerItemProxy section */
		BF3A7C2F2384407F00EDA1D2 /* PBXContainerItemProxy */ = {
			isa = PBXContainerItemProxy;
			containerPortal = BF3A7C102384407A00EDA1D2 /* Project object */;
			proxyType = 1;
			remoteGlobalIDString = BF3A7C172384407A00EDA1D2;
			remoteInfo = xtce;
		};
		BF3A7C3A2384407F00EDA1D2 /* PBXContainerItemProxy */ = {
			isa = PBXContainerItemProxy;
			containerPortal = BF3A7C102384407A00EDA1D2 /* Project object */;
			proxyType = 1;
			remoteGlobalIDString = BF3A7C172384407A00EDA1D2;
			remoteInfo = xtce;
		};
/* End PBXContainerItemProxy section */

/* Begin PBXFileReference section */
		BF3A7C182384407A00EDA1D2 /* xtce.app */ = {isa = PBXFileReference; explicitFileType = wrapper.application; includeInIndex = 0; path = xtce.app; sourceTree = BUILT_PRODUCTS_DIR; };
		BF3A7C1B2384407A00EDA1D2 /* AppDelegate.swift */ = {isa = PBXFileReference; lastKnownFileType = sourcecode.swift; path = AppDelegate.swift; sourceTree = "<group>"; };
		BF3A7C1D2384407A00EDA1D2 /* SceneDelegate.swift */ = {isa = PBXFileReference; lastKnownFileType = sourcecode.swift; path = SceneDelegate.swift; sourceTree = "<group>"; };
		BF3A7C1F2384407A00EDA1D2 /* ViewController.swift */ = {isa = PBXFileReference; lastKnownFileType = sourcecode.swift; path = ViewController.swift; sourceTree = "<group>"; };
		BF3A7C222384407A00EDA1D2 /* Base */ = {isa = PBXFileReference; lastKnownFileType = file.storyboard; name = Base; path = Base.lproj/Main.storyboard; sourceTree = "<group>"; };
		BF3A7C242384407E00EDA1D2 /* Assets.xcassets */ = {isa = PBXFileReference; lastKnownFileType = folder.assetcatalog; path = Assets.xcassets; sourceTree = "<group>"; };
		BF3A7C272384407E00EDA1D2 /* Base */ = {isa = PBXFileReference; lastKnownFileType = file.storyboard; name = Base; path = Base.lproj/LaunchScreen.storyboard; sourceTree = "<group>"; };
		BF3A7C292384407E00EDA1D2 /* Info.plist */ = {isa = PBXFileReference; lastKnownFileType = text.plist.xml; path = Info.plist; sourceTree = "<group>"; };
		BF3A7C2E2384407F00EDA1D2 /* xtceTests.xctest */ = {isa = PBXFileReference; explicitFileType = wrapper.cfbundle; includeInIndex = 0; path = xtceTests.xctest; sourceTree = BUILT_PRODUCTS_DIR; };
		BF3A7C322384407F00EDA1D2 /* xtceTests.swift */ = {isa = PBXFileReference; lastKnownFileType = sourcecode.swift; path = xtceTests.swift; sourceTree = "<group>"; };
		BF3A7C342384407F00EDA1D2 /* Info.plist */ = {isa = PBXFileReference; lastKnownFileType = text.plist.xml; path = Info.plist; sourceTree = "<group>"; };
		BF3A7C392384407F00EDA1D2 /* xtceUITests.xctest */ = {isa = PBXFileReference; explicitFileType = wrapper.cfbundle; includeInIndex = 0; path = xtceUITests.xctest; sourceTree = BUILT_PRODUCTS_DIR; };
		BF3A7C3D2384407F00EDA1D2 /* xtceUITests.swift */ = {isa = PBXFileReference; lastKnownFileType = sourcecode.swift; path = xtceUITests.swift; sourceTree = "<group>"; };
		BF3A7C3F2384407F00EDA1D2 /* Info.plist */ = {isa = PBXFileReference; lastKnownFileType = text.plist.xml; path = Info.plist; sourceTree = "<group>"; };
/* End PBXFileReference section */

/* Begin PBXFrameworksBuildPhase section */
		BF3A7C152384407A00EDA1D2 /* Frameworks */ = {
			isa = PBXFrameworksBuildPhase;
			buildActionMask = 2147483647;
			files = (
			);
			runOnlyForDeploymentPostprocessing = 0;
		};
		BF3A7C2B2384407F00EDA1D2 /* Frameworks */ = {
			isa = PBXFrameworksBuildPhase;
			buildActionMask = 2147483647;
			files = (
			);
			runOnlyForDeploymentPostprocessing = 0;
		};
		BF3A7C362384407F00EDA1D2 /* Frameworks */ = {
			isa = PBXFrameworksBuildPhase;
			buildActionMask = 2147483647;
			files = (
			);
			runOnlyForDeploymentPostprocessing = 0;
		};
/* End PBXFrameworksBuildPhase section */

/* Begin PBXGroup section */
		BF3A7C0F2384407A00EDA1D2 = {
			isa = PBXGroup;
			children = (
				BF3A7C1A2384407A00EDA1D2 /* xtce */,
				BF3A7C312384407F00EDA1D2 /* xtceTests */,
				BF3A7C3C2384407F00EDA1D2 /* xtceUITests */,
				BF3A7C192384407A00EDA1D2 /* Products */,
			);
			sourceTree = "<group>";
		};
		BF3A7C192384407A00EDA1D2 /* Products */ = {
			isa = PBXGroup;
			children = (
				BF3A7C182384407A00EDA1D2 /* xtce.app */,
				BF3A7C2E2384407F00EDA1D2 /* xtceTests.xctest */,
				BF3A7C392384407F00EDA1D2 /* xtceUITests.xctest */,
			);
			name = Products;
			sourceTree = "<group>";
		};
		BF3A7C1A2384407A00EDA1D2 /* xtce */ = {
			isa = PBXGroup;
			children = (
				BF3A7C1B2384407A00EDA1D2 /* AppDelegate.swift */,
				BF3A7C1D2384407A00EDA1D2 /* SceneDelegate.swift */,
				BF3A7C1F2384407A00EDA1D2 /* ViewController.swift */,
				BF3A7C212384407A00EDA1D2 /* Main.storyboard */,
				BF3A7C242384407E00EDA1D2 /* Assets.xcassets */,
				BF3A7C262384407E00EDA1D2 /* LaunchScreen.storyboard */,
				BF3A7C292384407E00EDA1D2 /* Info.plist */,
			);
			path = xtce;
			sourceTree = "<group>";
		};
		BF3A7C312384407F00EDA1D2 /* xtceTests */ = {
			isa = PBXGroup;
			children = (
				BF3A7C322384407F00EDA1D2 /* xtceTests.swift */,
				BF3A7C342384407F00EDA1D2 /* Info.plist */,
			);
			path = xtceTests;
			sourceTree = "<group>";
		};
		BF3A7C3C2384407F00EDA1D2 /* xtceUITests */ = {
			isa = PBXGroup;
			children = (
				BF3A7C3D2384407F00EDA1D2 /* xtceUITests.swift */,
				BF3A7C3F2384407F00EDA1D2 /* Info.plist */,
			);
			path = xtceUITests;
			sourceTree = "<group>";
		};
/* End PBXGroup section */

/* Begin PBXNativeTarget section */
		BF3A7C172384407A00EDA1D2 /* xtce */ = {
			isa = PBXNativeTarget;
			buildConfigurationList = BF3A7C422384407F00EDA1D2 /* Build configuration list for PBXNativeTarget "xtce" */;
			buildPhases = (
				BF3A7C142384407A00EDA1D2 /* Sources */,
				BF3A7C152384407A00EDA1D2 /* Frameworks */,
				BF3A7C162384407A00EDA1D2 /* Resources */,
			);
			buildRules = (
			);
			dependencies = (
			);
			name = xtce;
			productName = xtce;
			productReference = BF3A7C182384407A00EDA1D2 /* xtce.app */;
			productType = "com.apple.product-type.application";
		};
		BF3A7C2D2384407F00EDA1D2 /* xtceTests */ = {
			isa = PBXNativeTarget;
			buildConfigurationList = BF3A7C452384407F00EDA1D2 /* Build configuration list for PBXNativeTarget "xtceTests" */;
			buildPhases = (
				BF3A7C2A2384407F00EDA1D2 /* Sources */,
				BF3A7C2B2384407F00EDA1D2 /* Frameworks */,
				BF3A7C2C2384407F00EDA1D2 /* Resources */,
			);
			buildRules = (
			);
			dependencies = (
				BF3A7C302384407F00EDA1D2 /* PBXTargetDependency */,
			);
			name = xtceTests;
			productName = xtceTests;
			productReference = BF3A7C2E2384407F00EDA1D2 /* xtceTests.xctest */;
			productType = "com.apple.product-type.bundle.unit-test";
		};
		BF3A7C382384407F00EDA1D2 /* xtceUITests */ = {
			isa = PBXNativeTarget;
			buildConfigurationList = BF3A7C482384407F00EDA1D2 /* Build configuration list for PBXNativeTarget "xtceUITests" */;
			buildPhases = (
				BF3A7C352384407F00EDA1D2 /* Sources */,
				BF3A7C362384407F00EDA1D2 /* Frameworks */,
				BF3A7C372384407F00EDA1D2 /* Resources */,
			);
			buildRules = (
			);
			dependencies = (
				BF3A7C3B2384407F00EDA1D2 /* PBXTargetDependency */,
			);
			name = xtceUITests;
			productName = xtceUITests;
			productReference = BF3A7C392384407F00EDA1D2 /* xtceUITests.xctest */;
			productType = "com.apple.product-type.bundle.ui-testing";
		};
/* End PBXNativeTarget section */

/* Begin PBXProject section */
		BF3A7C102384407A00EDA1D2 /* Project object */ = {
			isa = PBXProject;
			attributes = {
				LastSwiftUpdateCheck = 1120;
				LastUpgradeCheck = 1120;
				ORGANIZATIONNAME = chen;
				TargetAttributes = {
					BF3A7C172384407A00EDA1D2 = {
						CreatedOnToolsVersion = 11.2;
					};
					BF3A7C2D2384407F00EDA1D2 = {
						CreatedOnToolsVersion = 11.2;
						TestTargetID = BF3A7C172384407A00EDA1D2;
					};
					BF3A7C382384407F00EDA1D2 = {
						CreatedOnToolsVersion = 11.2;
						TestTargetID = BF3A7C172384407A00EDA1D2;
					};
				};
			};
			buildConfigurationList = BF3A7C132384407A00EDA1D2 /* Build configuration list for PBXProject "xtce" */;
			compatibilityVersion = "Xcode 9.3";
			developmentRegion = en;
			hasScannedForEncodings = 0;
			knownRegions = (
				en,
				Base,
			);
			mainGroup = BF3A7C0F2384407A00EDA1D2;
			productRefGroup = BF3A7C192384407A00EDA1D2 /* Products */;
			projectDirPath = "";
			projectRoot = "";
			targets = (
				BF3A7C172384407A00EDA1D2 /* xtce */,
				BF3A7C2D2384407F00EDA1D2 /* xtceTests */,
				BF3A7C382384407F00EDA1D2 /* xtceUITests */,
			);
		};
/* End PBXProject section */

/* Begin PBXResourcesBuildPhase section */
		BF3A7C162384407A00EDA1D2 /* Resources */ = {
			isa = PBXResourcesBuildPhase;
			buildActionMask = 2147483647;
			files = (
				BF3A7C282384407E00EDA1D2 /* LaunchScreen.storyboard in Resources */,
				BF3A7C252384407E00EDA1D2 /* Assets.xcassets in Resources */,
				BF3A7C232384407A00EDA1D2 /* Main.storyboard in Resources */,
			);
			runOnlyForDeploymentPostprocessing = 0;
		};
		BF3A7C2C2384407F00EDA1D2 /* Resources */ = {
			isa = PBXResourcesBuildPhase;
			buildActionMask = 2147483647;
			files = (
			);
			runOnlyForDeploymentPostprocessing = 0;
		};
		BF3A7C372384407F00EDA1D2 /* Resources */ = {
			isa = PBXResourcesBuildPhase;
			buildActionMask = 2147483647;
			files = (
			);
			runOnlyForDeploymentPostprocessing = 0;
		};
/* End PBXResourcesBuildPhase section */

/* Begin PBXSourcesBuildPhase section */
		BF3A7C142384407A00EDA1D2 /* Sources */ = {
			isa = PBXSourcesBuildPhase;
			buildActionMask = 2147483647;
			files = (
				BF3A7C202384407A00EDA1D2 /* ViewController.swift in Sources */,
				BF3A7C1C2384407A00EDA1D2 /* AppDelegate.swift in Sources */,
				BF3A7C1E2384407A00EDA1D2 /* SceneDelegate.swift in Sources */,
			);
			runOnlyForDeploymentPostprocessing = 0;
		};
		BF3A7C2A2384407F00EDA1D2 /* Sources */ = {
			isa = PBXSourcesBuildPhase;
			buildActionMask = 2147483647;
			files = (
				BF3A7C332384407F00EDA1D2 /* xtceTests.swift in Sources */,
			);
			runOnlyForDeploymentPostprocessing = 0;
		};
		BF3A7C352384407F00EDA1D2 /* Sources */ = {
			isa = PBXSourcesBuildPhase;
			buildActionMask = 2147483647;
			files = (
				BF3A7C3E2384407F00EDA1D2 /* xtceUITests.swift in Sources */,
			);
			runOnlyForDeploymentPostprocessing = 0;
		};
/* End PBXSourcesBuildPhase section */

/* Begin PBXTargetDependency section */
		BF3A7C302384407F00EDA1D2 /* PBXTargetDependency */ = {
			isa = PBXTargetDependency;
			target = BF3A7C172384407A00EDA1D2 /* xtce */;
			targetProxy = BF3A7C2F2384407F00EDA1D2 /* PBXContainerItemProxy */;
		};
		BF3A7C3B2384407F00EDA1D2 /* PBXTargetDependency */ = {
			isa = PBXTargetDependency;
			target = BF3A7C172384407A00EDA1D2 /* xtce */;
			targetProxy = BF3A7C3A2384407F00EDA1D2 /* PBXContainerItemProxy */;
		};
/* End PBXTargetDependency section */

/* Begin PBXVariantGroup section */
		BF3A7C212384407A00EDA1D2 /* Main.storyboard */ = {
			isa = PBXVariantGroup;
			children = (
				BF3A7C222384407A00EDA1D2 /* Base */,
			);
			name = Main.storyboard;
			sourceTree = "<group>";
		};
		BF3A7C262384407E00EDA1D2 /* LaunchScreen.storyboard */ = {
			isa = PBXVariantGroup;
			children = (
				BF3A7C272384407E00EDA1D2 /* Base */,
			);
			name = LaunchScreen.storyboard;
			sourceTree = "<group>";
		};
/* End PBXVariantGroup section */

/* Begin XCBuildConfiguration section */
		BF3A7C402384407F00EDA1D2 /* Debug */ = {
			isa = XCBuildConfiguration;
			buildSettings = {
				ALWAYS_SEARCH_USER_PATHS = NO;
				CLANG_ANALYZER_NONNULL = YES;
				CLANG_ANALYZER_NUMBER_OBJECT_CONVERSION = YES_AGGRESSIVE;
				CLANG_CXX_LANGUAGE_STANDARD = "gnu++14";
				CLANG_CXX_LIBRARY = "libc++";
				CLANG_ENABLE_MODULES = YES;
				CLANG_ENABLE_OBJC_ARC = YES;
				CLANG_ENABLE_OBJC_WEAK = YES;
				CLANG_WARN_BLOCK_CAPTURE_AUTORELEASING = YES;
				CLANG_WARN_BOOL_CONVERSION = YES;
				CLANG_WARN_COMMA = YES;
				CLANG_WARN_CONSTANT_CONVERSION = YES;
				CLANG_WARN_DEPRECATED_OBJC_IMPLEMENTATIONS = YES;
				CLANG_WARN_DIRECT_OBJC_ISA_USAGE = YES_ERROR;
				CLANG_WARN_DOCUMENTATION_COMMENTS = YES;
				CLANG_WARN_EMPTY_BODY = YES;
				CLANG_WARN_ENUM_CONVERSION = YES;
				CLANG_WARN_INFINITE_RECURSION = YES;
				CLANG_WARN_INT_CONVERSION = YES;
				CLANG_WARN_NON_LITERAL_NULL_CONVERSION = YES;
				CLANG_WARN_OBJC_IMPLICIT_RETAIN_SELF = YES;
				CLANG_WARN_OBJC_LITERAL_CONVERSION = YES;
				CLANG_WARN_OBJC_ROOT_CLASS = YES_ERROR;
				CLANG_WARN_RANGE_LOOP_ANALYSIS = YES;
				CLANG_WARN_STRICT_PROTOTYPES = YES;
				CLANG_WARN_SUSPICIOUS_MOVE = YES;
				CLANG_WARN_UNGUARDED_AVAILABILITY = YES_AGGRESSIVE;
				CLANG_WARN_UNREACHABLE_CODE = YES;
				CLANG_WARN__DUPLICATE_METHOD_MATCH = YES;
				COPY_PHASE_STRIP = NO;
				DEBUG_INFORMATION_FORMAT = dwarf;
				ENABLE_STRICT_OBJC_MSGSEND = YES;
				ENABLE_TESTABILITY = YES;
				GCC_C_LANGUAGE_STANDARD = gnu11;
				GCC_DYNAMIC_NO_PIC = NO;
				GCC_NO_COMMON_BLOCKS = YES;
				GCC_OPTIMIZATION_LEVEL = 0;
				GCC_PREPROCESSOR_DEFINITIONS = (
					"DEBUG=1",
					"$(inherited)",
				);
				GCC_WARN_64_TO_32_BIT_CONVERSION = YES;
				GCC_WARN_ABOUT_RETURN_TYPE = YES_ERROR;
				GCC_WARN_UNDECLARED_SELECTOR = YES;
				GCC_WARN_UNINITIALIZED_AUTOS = YES_AGGRESSIVE;
				GCC_WARN_UNUSED_FUNCTION = YES;
				GCC_WARN_UNUSED_VARIABLE = YES;
				IPHONEOS_DEPLOYMENT_TARGET = 13.2;
				MTL_ENABLE_DEBUG_INFO = INCLUDE_SOURCE;
				MTL_FAST_MATH = YES;
				ONLY_ACTIVE_ARCH = YES;
				SDKROOT = iphoneos;
				SWIFT_ACTIVE_COMPILATION_CONDITIONS = DEBUG;
				SWIFT_OPTIMIZATION_LEVEL = "-Onone";
			};
			name = Debug;
		};
		BF3A7C412384407F00EDA1D2 /* Release */ = {
			isa = XCBuildConfiguration;
			buildSettings = {
				ALWAYS_SEARCH_USER_PATHS = NO;
				CLANG_ANALYZER_NONNULL = YES;
				CLANG_ANALYZER_NUMBER_OBJECT_CONVERSION = YES_AGGRESSIVE;
				CLANG_CXX_LANGUAGE_STANDARD = "gnu++14";
				CLANG_CXX_LIBRARY = "libc++";
				CLANG_ENABLE_MODULES = YES;
				CLANG_ENABLE_OBJC_ARC = YES;
				CLANG_ENABLE_OBJC_WEAK = YES;
				CLANG_WARN_BLOCK_CAPTURE_AUTORELEASING = YES;
				CLANG_WARN_BOOL_CONVERSION = YES;
				CLANG_WARN_COMMA = YES;
				CLANG_WARN_CONSTANT_CONVERSION = YES;
				CLANG_WARN_DEPRECATED_OBJC_IMPLEMENTATIONS = YES;
				CLANG_WARN_DIRECT_OBJC_ISA_USAGE = YES_ERROR;
				CLANG_WARN_DOCUMENTATION_COMMENTS = YES;
				CLANG_WARN_EMPTY_BODY = YES;
				CLANG_WARN_ENUM_CONVERSION = YES;
				CLANG_WARN_INFINITE_RECURSION = YES;
				CLANG_WARN_INT_CONVERSION = YES;
				CLANG_WARN_NON_LITERAL_NULL_CONVERSION = YES;
				CLANG_WARN_OBJC_IMPLICIT_RETAIN_SELF = YES;
				CLANG_WARN_OBJC_LITERAL_CONVERSION = YES;
				CLANG_WARN_OBJC_ROOT_CLASS = YES_ERROR;
				CLANG_WARN_RANGE_LOOP_ANALYSIS = YES;
				CLANG_WARN_STRICT_PROTOTYPES = YES;
				CLANG_WARN_SUSPICIOUS_MOVE = YES;
				CLANG_WARN_UNGUARDED_AVAILABILITY = YES_AGGRESSIVE;
				CLANG_WARN_UNREACHABLE_CODE = YES;
				CLANG_WARN__DUPLICATE_METHOD_MATCH = YES;
				COPY_PHASE_STRIP = NO;
				DEBUG_INFORMATION_FORMAT = "dwarf-with-dsym";
				ENABLE_NS_ASSERTIONS = NO;
				ENABLE_STRICT_OBJC_MSGSEND = YES;
				GCC_C_LANGUAGE_STANDARD = gnu11;
				GCC_NO_COMMON_BLOCKS = YES;
				GCC_WARN_64_TO_32_BIT_CONVERSION = YES;
				GCC_WARN_ABOUT_RETURN_TYPE = YES_ERROR;
				GCC_WARN_UNDECLARED_SELECTOR = YES;
				GCC_WARN_UNINITIALIZED_AUTOS = YES_AGGRESSIVE;
				GCC_WARN_UNUSED_FUNCTION = YES;
				GCC_WARN_UNUSED_VARIABLE = YES;
				IPHONEOS_DEPLOYMENT_TARGET = 13.2;
				MTL_ENABLE_DEBUG_INFO = NO;
				MTL_FAST_MATH = YES;
				SDKROOT = iphoneos;
				SWIFT_COMPILATION_MODE = wholemodule;
				SWIFT_OPTIMIZATION_LEVEL = "-O";
				VALIDATE_PRODUCT = YES;
			};
			name = Release;
		};
		BF3A7C432384407F00EDA1D2 /* Debug */ = {
			isa = XCBuildConfiguration;
			buildSettings = {
				ASSETCATALOG_COMPILER_APPICON_NAME = AppIcon;
				CODE_SIGN_STYLE = Automatic;
				DEVELOPMENT_TEAM = Q6M9535PS6;
				INFOPLIST_FILE = xtce/Info.plist;
				LD_RUNPATH_SEARCH_PATHS = (
					"$(inherited)",
					"@executable_path/Frameworks",
				);
				PRODUCT_BUNDLE_IDENTIFIER = xcode.travis.codedov.experimental.xtce;
				PRODUCT_NAME = "$(TARGET_NAME)";
				SWIFT_VERSION = 5.0;
				TARGETED_DEVICE_FAMILY = "1,2";
			};
			name = Debug;
		};
		BF3A7C442384407F00EDA1D2 /* Release */ = {
			isa = XCBuildConfiguration;
			buildSettings = {
				ASSETCATALOG_COMPILER_APPICON_NAME = AppIcon;
				CODE_SIGN_STYLE = Automatic;
				DEVELOPMENT_TEAM = Q6M9535PS6;
				INFOPLIST_FILE = xtce/Info.plist;
				LD_RUNPATH_SEARCH_PATHS = (
					"$(inherited)",
					"@executable_path/Frameworks",
				);
				PRODUCT_BUNDLE_IDENTIFIER = xcode.travis.codedov.experimental.xtce;
				PRODUCT_NAME = "$(TARGET_NAME)";
				SWIFT_VERSION = 5.0;
				TARGETED_DEVICE_FAMILY = "1,2";
			};
			name = Release;
		};
		BF3A7C462384407F00EDA1D2 /* Debug */ = {
			isa = XCBuildConfiguration;
			buildSettings = {
				ALWAYS_EMBED_SWIFT_STANDARD_LIBRARIES = YES;
				BUNDLE_LOADER = "$(TEST_HOST)";
				CODE_SIGN_STYLE = Automatic;
				DEVELOPMENT_TEAM = Q6M9535PS6;
				INFOPLIST_FILE = xtceTests/Info.plist;
				IPHONEOS_DEPLOYMENT_TARGET = 13.2;
				LD_RUNPATH_SEARCH_PATHS = (
					"$(inherited)",
					"@executable_path/Frameworks",
					"@loader_path/Frameworks",
				);
				PRODUCT_BUNDLE_IDENTIFIER = xcode.travis.codedov.experimental.xtceTests;
				PRODUCT_NAME = "$(TARGET_NAME)";
				SWIFT_VERSION = 5.0;
				TARGETED_DEVICE_FAMILY = "1,2";
				TEST_HOST = "$(BUILT_PRODUCTS_DIR)/xtce.app/xtce";
			};
			name = Debug;
		};
		BF3A7C472384407F00EDA1D2 /* Release */ = {
			isa = XCBuildConfiguration;
			buildSettings = {
				ALWAYS_EMBED_SWIFT_STANDARD_LIBRARIES = YES;
				BUNDLE_LOADER = "$(TEST_HOST)";
				CODE_SIGN_STYLE = Automatic;
				DEVELOPMENT_TEAM = Q6M9535PS6;
				INFOPLIST_FILE = xtceTests/Info.plist;
				IPHONEOS_DEPLOYMENT_TARGET = 13.2;
				LD_RUNPATH_SEARCH_PATHS = (
					"$(inherited)",
					"@executable_path/Frameworks",
					"@loader_path/Frameworks",
				);
				PRODUCT_BUNDLE_IDENTIFIER = xcode.travis.codedov.experimental.xtceTests;
				PRODUCT_NAME = "$(TARGET_NAME)";
				SWIFT_VERSION = 5.0;
				TARGETED_DEVICE_FAMILY = "1,2";
				TEST_HOST = "$(BUILT_PRODUCTS_DIR)/xtce.app/xtce";
			};
			name = Release;
		};
		BF3A7C492384407F00EDA1D2 /* Debug */ = {
			isa = XCBuildConfiguration;
			buildSettings = {
				ALWAYS_EMBED_SWIFT_STANDARD_LIBRARIES = YES;
				CODE_SIGN_STYLE = Automatic;
				DEVELOPMENT_TEAM = Q6M9535PS6;
				INFOPLIST_FILE = xtceUITests/Info.plist;
				LD_RUNPATH_SEARCH_PATHS = (
					"$(inherited)",
					"@executable_path/Frameworks",
					"@loader_path/Frameworks",
				);
				PRODUCT_BUNDLE_IDENTIFIER = xcode.travis.codedov.experimental.xtceUITests;
				PRODUCT_NAME = "$(TARGET_NAME)";
				SWIFT_VERSION = 5.0;
				TARGETED_DEVICE_FAMILY = "1,2";
				TEST_TARGET_NAME = xtce;
			};
			name = Debug;
		};
		BF3A7C4A2384407F00EDA1D2 /* Release */ = {
			isa = XCBuildConfiguration;
			buildSettings = {
				ALWAYS_EMBED_SWIFT_STANDARD_LIBRARIES = YES;
				CODE_SIGN_STYLE = Automatic;
				DEVELOPMENT_TEAM = Q6M9535PS6;
				INFOPLIST_FILE = xtceUITests/Info.plist;
				LD_RUNPATH_SEARCH_PATHS = (
					"$(inherited)",
					"@executable_path/Frameworks",
					"@loader_path/Frameworks",
				);
				PRODUCT_BUNDLE_IDENTIFIER = xcode.travis.codedov.experimental.xtceUITests;
				PRODUCT_NAME = "$(TARGET_NAME)";
				SWIFT_VERSION = 5.0;
				TARGETED_DEVICE_FAMILY = "1,2";
				TEST_TARGET_NAME = xtce;
			};
			name = Release;
		};
/* End XCBuildConfiguration section */

/* Begin XCConfigurationList section */
		BF3A7C132384407A00EDA1D2 /* Build configuration list for PBXProject "xtce" */ = {
			isa = XCConfigurationList;
			buildConfigurations = (
				BF3A7C402384407F00EDA1D2 /* Debug */,
				BF3A7C412384407F00EDA1D2 /* Release */,
			);
			defaultConfigurationIsVisible = 0;
			defaultConfigurationName = Release;
		};
		BF3A7C422384407F00EDA1D2 /* Build configuration list for PBXNativeTarget "xtce" */ = {
			isa = XCConfigurationList;
			buildConfigurations = (
				BF3A7C432384407F00EDA1D2 /* Debug */,
				BF3A7C442384407F00EDA1D2 /* Release */,
			);
			defaultConfigurationIsVisible = 0;
			defaultConfigurationName = Release;
		};
		BF3A7C452384407F00EDA1D2 /* Build configuration list for PBXNativeTarget "xtceTests" */ = {
			isa = XCConfigurationList;
			buildConfigurations = (
				BF3A7C462384407F00EDA1D2 /* Debug */,
				BF3A7C472384407F00EDA1D2 /* Release */,
			);
			defaultConfigurationIsVisible = 0;
			defaultConfigurationName = Release;
		};
		BF3A7C482384407F00EDA1D2 /* Build configuration list for PBXNativeTarget "xtceUITests" */ = {
			isa = XCConfigurationList;
			buildConfigurations = (
				BF3A7C492384407F00EDA1D2 /* Debug */,
				BF3A7C4A2384407F00EDA1D2 /* Release */,
			);
			defaultConfigurationIsVisible = 0;
			defaultConfigurationName = Release;
		};
/* End XCConfigurationList section */
	};
	rootObject = BF3A7C102384407A00EDA1D2 /* Project object */;
}
